
Microsoft Visual Studio Solution File, Format Version 12.00
# Visual Studio Version 17
VisualStudioVersion = 17.7.34003.232
MinimumVisualStudioVersion = 10.0.40219.1
Project("{FAE04EC0-301F-11D3-BF4B-00C04F79EFBC}") = "WebApplication1", "WebApplication1\WebApplication1.csproj", "{EF6AFDC4-B378-44C4-B264-669628DD3914}"
EndProject
Project("{FAE04EC0-301F-11D3-BF4B-00C04F79EFBC}") = "TestProject", "TestProject\TestProject.csproj", "{5B38016F-9CF6-4472-A27C-DA4B10785044}"
EndProject
Global
	GlobalSection(SolutionConfigurationPlatforms) = preSolution
		Debug|Any CPU = Debug|Any CPU
		Release|Any CPU = Release|Any CPU
	EndGlobalSection
	GlobalSection(ProjectConfigurationPlatforms) = postSolution
		{EF6AFDC4-B378-44C4-B264-669628DD3914}.Debug|Any CPU.ActiveCfg = Debug|Any CPU
		{EF6AFDC4-B378-44C4-B264-669628DD3914}.Debug|Any CPU.Build.0 = Debug|Any CPU
		{EF6AFDC4-B378-44C4-B264-669628DD3914}.Release|Any CPU.ActiveCfg = Release|Any CPU
		{EF6AFDC4-B378-44C4-B264-669628DD3914}.Release|Any CPU.Build.0 = Release|Any CPU
		{5B38016F-9CF6-4472-A27C-DA4B10785044}.Debug|Any CPU.ActiveCfg = Debug|Any CPU
		{5B38016F-9CF6-4472-A27C-DA4B10785044}.Debug|Any CPU.Build.0 = Debug|Any CPU
		{5B38016F-9CF6-4472-A27C-DA4B10785044}.Release|Any CPU.ActiveCfg = Release|Any CPU
		{5B38016F-9CF6-4472-A27C-DA4B10785044}.Release|Any CPU.Build.0 = Release|Any CPU
	EndGlobalSection
	GlobalSection(SolutionProperties) = preSolution
		HideSolutionNode = FALSE
	EndGlobalSection
	GlobalSection(ExtensibilityGlobals) = postSolution
		SolutionGuid = {79FDF6C4-7E58-41FF-9946-F5B4208F63D8}
	EndGlobalSection
EndGlobal
